
Microsoft Visual Studio Solution File, Format Version 12.00
# Visual Studio 15
VisualStudioVersion = 15.0.26430.6
MinimumVisualStudioVersion = 10.0.40219.1
Project("{9A19103F-16F7-4668-BE54-9A1E7A4F7556}") = "PDS.Domain", "src\PDS.Domain\PDS.Domain.csproj", "{94452CB2-A6AD-43AC-B9D5-371CFCF220C6}"
EndProject
Project("{9A19103F-16F7-4668-BE54-9A1E7A4F7556}") = "PDS.Services", "src\PDS.Services\PDS.Services.csproj", "{BB16D187-CDD4-4896-BA3F-E640DF5A29BF}"
EndProject
Project("{9A19103F-16F7-4668-BE54-9A1E7A4F7556}") = "PDS.UI.Web", "src\PDS.UI.Web\PDS.UI.Web.csproj", "{10D31BB8-453F-46C9-98AD-A66768F2F67B}"
EndProject
Project("{9A19103F-16F7-4668-BE54-9A1E7A4F7556}") = "PDS.Tests", "src\PDS.Tests\PDS.Tests.csproj", "{1AAE4591-FE95-4917-B6E0-337B0C6B531A}"
EndProject
Global
	GlobalSection(SolutionConfigurationPlatforms) = preSolution
		Debug|Any CPU = Debug|Any CPU
		Release|Any CPU = Release|Any CPU
	EndGlobalSection
	GlobalSection(ProjectConfigurationPlatforms) = postSolution
		{94452CB2-A6AD-43AC-B9D5-371CFCF220C6}.Debug|Any CPU.ActiveCfg = Debug|Any CPU
		{94452CB2-A6AD-43AC-B9D5-371CFCF220C6}.Debug|Any CPU.Build.0 = Debug|Any CPU
		{94452CB2-A6AD-43AC-B9D5-371CFCF220C6}.Release|Any CPU.ActiveCfg = Release|Any CPU
		{94452CB2-A6AD-43AC-B9D5-371CFCF220C6}.Release|Any CPU.Build.0 = Release|Any CPU
		{BB16D187-CDD4-4896-BA3F-E640DF5A29BF}.Debug|Any CPU.ActiveCfg = Debug|Any CPU
		{BB16D187-CDD4-4896-BA3F-E640DF5A29BF}.Debug|Any CPU.Build.0 = Debug|Any CPU
		{BB16D187-CDD4-4896-BA3F-E640DF5A29BF}.Release|Any CPU.ActiveCfg = Release|Any CPU
		{BB16D187-CDD4-4896-BA3F-E640DF5A29BF}.Release|Any CPU.Build.0 = Release|Any CPU
		{10D31BB8-453F-46C9-98AD-A66768F2F67B}.Debug|Any CPU.ActiveCfg = Debug|Any CPU
		{10D31BB8-453F-46C9-98AD-A66768F2F67B}.Debug|Any CPU.Build.0 = Debug|Any CPU
		{10D31BB8-453F-46C9-98AD-A66768F2F67B}.Release|Any CPU.ActiveCfg = Release|Any CPU
		{10D31BB8-453F-46C9-98AD-A66768F2F67B}.Release|Any CPU.Build.0 = Release|Any CPU
		{1AAE4591-FE95-4917-B6E0-337B0C6B531A}.Debug|Any CPU.ActiveCfg = Debug|Any CPU
		{1AAE4591-FE95-4917-B6E0-337B0C6B531A}.Debug|Any CPU.Build.0 = Debug|Any CPU
		{1AAE4591-FE95-4917-B6E0-337B0C6B531A}.Release|Any CPU.ActiveCfg = Release|Any CPU
		{1AAE4591-FE95-4917-B6E0-337B0C6B531A}.Release|Any CPU.Build.0 = Release|Any CPU
	EndGlobalSection
	GlobalSection(SolutionProperties) = preSolution
		HideSolutionNode = FALSE
	EndGlobalSection
EndGlobal
